
Microsoft Visual Studio Solution File, Format Version 12.00
# Visual Studio Version 16
VisualStudioVersion = 16.0.30717.126
MinimumVisualStudioVersion = 10.0.40219.1
Project("{2150E333-8FDC-42A3-9474-1A3956D46DE8}") = "src", "src", "{B4D6CE74-4446-486C-9642-FFFE1140A23F}"
EndProject
Project("{2150E333-8FDC-42A3-9474-1A3956D46DE8}") = "test", "test", "{30E6217F-2E9D-4070-BA62-DA56C3C142A2}"
EndProject
Project("{2150E333-8FDC-42A3-9474-1A3956D46DE8}") = "Solution Items", "Solution Items", "{3B4A856C-C93C-4053-B672-E7DA397CE6AA}"
	ProjectSection(SolutionItems) = preProject
		.dockerignore = .dockerignore
		.gitignore = .gitignore
		global.json = global.json
		README.md = README.md
	EndProjectSection
EndProject
Project("{9A19103F-16F7-4668-BE54-9A1E7A4F7556}") = "Csb.Auth.Idp", "src\Csb.Auth.Idp\Csb.Auth.Idp.csproj", "{C2FF5286-9B61-4D0E-B80A-57944AE6D6E9}"
EndProject
Project("{9A19103F-16F7-4668-BE54-9A1E7A4F7556}") = "Csb.Auth.Users", "src\Csb.Auth.Users\Csb.Auth.Users.csproj", "{C6134F49-3FAD-40E1-A374-F3EF109E0A15}"
EndProject
Project("{2150E333-8FDC-42A3-9474-1A3956D46DE8}") = "samples", "samples", "{EA77DE77-51A0-4C7C-9594-AADD94C352EE}"
EndProject
Project("{9A19103F-16F7-4668-BE54-9A1E7A4F7556}") = "Csb.Auth.Samples.AuthorizationCodeMvc", "samples\Csb.Auth.Samples.AuthorizationCodeMvc\Csb.Auth.Samples.AuthorizationCodeMvc.csproj", "{4996E49B-25DE-4064-953B-4AF2687CD85E}"
EndProject
Project("{9A19103F-16F7-4668-BE54-9A1E7A4F7556}") = "Csb.Auth.Samples", "samples\Csb.Auth.Samples\Csb.Auth.Samples.csproj", "{ACFE467C-D2F9-442C-9EF8-C3EB294B0936}"
EndProject
Project("{2150E333-8FDC-42A3-9474-1A3956D46DE8}") = "protos", "protos", "{A6084101-061A-4955-8A7F-0989D167FBD1}"
	ProjectSection(SolutionItems) = preProject
		protos\users.proto = protos\users.proto
	EndProjectSection
EndProject
Project("{9A19103F-16F7-4668-BE54-9A1E7A4F7556}") = "Csb.Auth.Users.Tests", "test\Csb.Auth.Users.Tests\Csb.Auth.Users.Tests.csproj", "{C36AFE6F-D86A-404C-B7D8-6C7B7F9EC0A3}"
EndProject
Project("{9A19103F-16F7-4668-BE54-9A1E7A4F7556}") = "Csb.Auth.Idp.Tests", "test\Csb.Auth.Idp.Tests\Csb.Auth.Idp.Tests.csproj", "{EA9BD6CB-A23D-4A75-9158-49CBD2C97E1A}"
EndProject
Project("{9A19103F-16F7-4668-BE54-9A1E7A4F7556}") = "Csb.Auth.Idp.FunctionalTests", "test\Csb.Auth.Idp.FunctionalTests\Csb.Auth.Idp.FunctionalTests.csproj", "{6B3EDF4E-A7C6-4345-B1FF-5A77A16DE014}"
EndProject
Global
	GlobalSection(SolutionConfigurationPlatforms) = preSolution
		Debug|Any CPU = Debug|Any CPU
		Release|Any CPU = Release|Any CPU
	EndGlobalSection
	GlobalSection(ProjectConfigurationPlatforms) = postSolution
		{C2FF5286-9B61-4D0E-B80A-57944AE6D6E9}.Debug|Any CPU.ActiveCfg = Debug|Any CPU
		{C2FF5286-9B61-4D0E-B80A-57944AE6D6E9}.Debug|Any CPU.Build.0 = Debug|Any CPU
		{C2FF5286-9B61-4D0E-B80A-57944AE6D6E9}.Release|Any CPU.ActiveCfg = Release|Any CPU
		{C2FF5286-9B61-4D0E-B80A-57944AE6D6E9}.Release|Any CPU.Build.0 = Release|Any CPU
		{C6134F49-3FAD-40E1-A374-F3EF109E0A15}.Debug|Any CPU.ActiveCfg = Debug|Any CPU
		{C6134F49-3FAD-40E1-A374-F3EF109E0A15}.Debug|Any CPU.Build.0 = Debug|Any CPU
		{C6134F49-3FAD-40E1-A374-F3EF109E0A15}.Release|Any CPU.ActiveCfg = Release|Any CPU
		{C6134F49-3FAD-40E1-A374-F3EF109E0A15}.Release|Any CPU.Build.0 = Release|Any CPU
		{4996E49B-25DE-4064-953B-4AF2687CD85E}.Debug|Any CPU.ActiveCfg = Debug|Any CPU
		{4996E49B-25DE-4064-953B-4AF2687CD85E}.Debug|Any CPU.Build.0 = Debug|Any CPU
		{4996E49B-25DE-4064-953B-4AF2687CD85E}.Release|Any CPU.ActiveCfg = Release|Any CPU
		{4996E49B-25DE-4064-953B-4AF2687CD85E}.Release|Any CPU.Build.0 = Release|Any CPU
		{ACFE467C-D2F9-442C-9EF8-C3EB294B0936}.Debug|Any CPU.ActiveCfg = Debug|Any CPU
		{ACFE467C-D2F9-442C-9EF8-C3EB294B0936}.Debug|Any CPU.Build.0 = Debug|Any CPU
		{ACFE467C-D2F9-442C-9EF8-C3EB294B0936}.Release|Any CPU.ActiveCfg = Release|Any CPU
		{ACFE467C-D2F9-442C-9EF8-C3EB294B0936}.Release|Any CPU.Build.0 = Release|Any CPU
		{C36AFE6F-D86A-404C-B7D8-6C7B7F9EC0A3}.Debug|Any CPU.ActiveCfg = Debug|Any CPU
		{C36AFE6F-D86A-404C-B7D8-6C7B7F9EC0A3}.Debug|Any CPU.Build.0 = Debug|Any CPU
		{C36AFE6F-D86A-404C-B7D8-6C7B7F9EC0A3}.Release|Any CPU.ActiveCfg = Release|Any CPU
		{C36AFE6F-D86A-404C-B7D8-6C7B7F9EC0A3}.Release|Any CPU.Build.0 = Release|Any CPU
		{EA9BD6CB-A23D-4A75-9158-49CBD2C97E1A}.Debug|Any CPU.ActiveCfg = Debug|Any CPU
		{EA9BD6CB-A23D-4A75-9158-49CBD2C97E1A}.Debug|Any CPU.Build.0 = Debug|Any CPU
		{EA9BD6CB-A23D-4A75-9158-49CBD2C97E1A}.Release|Any CPU.ActiveCfg = Release|Any CPU
		{EA9BD6CB-A23D-4A75-9158-49CBD2C97E1A}.Release|Any CPU.Build.0 = Release|Any CPU
		{6B3EDF4E-A7C6-4345-B1FF-5A77A16DE014}.Debug|Any CPU.ActiveCfg = Debug|Any CPU
		{6B3EDF4E-A7C6-4345-B1FF-5A77A16DE014}.Debug|Any CPU.Build.0 = Debug|Any CPU
		{6B3EDF4E-A7C6-4345-B1FF-5A77A16DE014}.Release|Any CPU.ActiveCfg = Release|Any CPU
		{6B3EDF4E-A7C6-4345-B1FF-5A77A16DE014}.Release|Any CPU.Build.0 = Release|Any CPU
	EndGlobalSection
	GlobalSection(SolutionProperties) = preSolution
		HideSolutionNode = FALSE
	EndGlobalSection
	GlobalSection(NestedProjects) = preSolution
		{C2FF5286-9B61-4D0E-B80A-57944AE6D6E9} = {B4D6CE74-4446-486C-9642-FFFE1140A23F}
		{C6134F49-3FAD-40E1-A374-F3EF109E0A15} = {B4D6CE74-4446-486C-9642-FFFE1140A23F}
		{4996E49B-25DE-4064-953B-4AF2687CD85E} = {EA77DE77-51A0-4C7C-9594-AADD94C352EE}
		{ACFE467C-D2F9-442C-9EF8-C3EB294B0936} = {EA77DE77-51A0-4C7C-9594-AADD94C352EE}
		{C36AFE6F-D86A-404C-B7D8-6C7B7F9EC0A3} = {30E6217F-2E9D-4070-BA62-DA56C3C142A2}
		{EA9BD6CB-A23D-4A75-9158-49CBD2C97E1A} = {30E6217F-2E9D-4070-BA62-DA56C3C142A2}
		{6B3EDF4E-A7C6-4345-B1FF-5A77A16DE014} = {30E6217F-2E9D-4070-BA62-DA56C3C142A2}
	EndGlobalSection
	GlobalSection(ExtensibilityGlobals) = postSolution
		SolutionGuid = {6356B8DC-E29C-423E-83BB-51B008957BD3}
	EndGlobalSection
EndGlobal
